
Microsoft Visual Studio Solution File, Format Version 12.00
# Visual Studio Version 16
VisualStudioVersion = 25.0.1706.8
MinimumVisualStudioVersion = 10.0.40219.1
Project("{FAE04EC0-301F-11D3-BF4B-00C04F79EFBC}") = "MediatR.Cqrs.Helper", "MediatR.Cqrs.Helper\MediatR.Cqrs.Helper.csproj", "{31E693DD-8BF5-4CF5-8BBF-4AA1D989F5D9}"
EndProject
Global
	GlobalSection(SolutionConfigurationPlatforms) = preSolution
		Debug|Any CPU = Debug|Any CPU
		Release|Any CPU = Release|Any CPU
	EndGlobalSection
	GlobalSection(ProjectConfigurationPlatforms) = postSolution
		{31E693DD-8BF5-4CF5-8BBF-4AA1D989F5D9}.Debug|Any CPU.ActiveCfg = Debug|Any CPU
		{31E693DD-8BF5-4CF5-8BBF-4AA1D989F5D9}.Debug|Any CPU.Build.0 = Debug|Any CPU
		{31E693DD-8BF5-4CF5-8BBF-4AA1D989F5D9}.Release|Any CPU.ActiveCfg = Release|Any CPU
		{31E693DD-8BF5-4CF5-8BBF-4AA1D989F5D9}.Release|Any CPU.Build.0 = Release|Any CPU
	EndGlobalSection
	GlobalSection(SolutionProperties) = preSolution
		HideSolutionNode = FALSE
	EndGlobalSection
	GlobalSection(ExtensibilityGlobals) = postSolution
		SolutionGuid = {9BBE92B0-B4F2-4EB7-8A8D-1061B07185F0}
	EndGlobalSection
EndGlobal
