
Microsoft Visual Studio Solution File, Format Version 12.00
# Visual Studio Version 16
VisualStudioVersion = 25.0.1706.8
MinimumVisualStudioVersion = 10.0.40219.1
Project("{FAE04EC0-301F-11D3-BF4B-00C04F79EFBC}") = "CQRS.MediatR.Helper", "CQRS.MediatR.Helper\CQRS.MediatR.Helper.csproj", "{88F4CD8C-743E-4D00-A486-0E53A6553D7D}"
EndProject
Global
	GlobalSection(SolutionConfigurationPlatforms) = preSolution
		Debug|Any CPU = Debug|Any CPU
		Release|Any CPU = Release|Any CPU
	EndGlobalSection
	GlobalSection(ProjectConfigurationPlatforms) = postSolution
		{88F4CD8C-743E-4D00-A486-0E53A6553D7D}.Debug|Any CPU.ActiveCfg = Debug|Any CPU
		{88F4CD8C-743E-4D00-A486-0E53A6553D7D}.Debug|Any CPU.Build.0 = Debug|Any CPU
		{88F4CD8C-743E-4D00-A486-0E53A6553D7D}.Release|Any CPU.ActiveCfg = Release|Any CPU
		{88F4CD8C-743E-4D00-A486-0E53A6553D7D}.Release|Any CPU.Build.0 = Release|Any CPU
	EndGlobalSection
	GlobalSection(SolutionProperties) = preSolution
		HideSolutionNode = FALSE
	EndGlobalSection
	GlobalSection(ExtensibilityGlobals) = postSolution
		SolutionGuid = {9BBE92B0-B4F2-4EB7-8A8D-1061B07185F0}
	EndGlobalSection
EndGlobal
